// !$*UTF8*$!
{
	archiveVersion = 1;
	classes = {
	};
	objectVersion = 56;
	objects = {

/* Begin PBXBuildFile section */
		1A2B3C4D5E6F7890ABCDEF01 /* MusicaPalHectorApp.swift in Sources */ = {isa = PBXBuildFile; fileRef = 1A2B3C4D5E6F7890ABCDEF02 /* MusicaPalHectorApp.swift */; };
		1A2B3C4D5E6F7890ABCDEF03 /* ContentView.swift in Sources */ = {isa = PBXBuildFile; fileRef = 1A2B3C4D5E6F7890ABCDEF04 /* ContentView.swift */; };
		1A2B3C4D5E6F7890ABCDEF05 /* AllSongsView.swift in Sources */ = {isa = PBXBuildFile; fileRef = 1A2B3C4D5E6F7890ABCDEF06 /* AllSongsView.swift */; };
		1A2B3C4D5E6F7890ABCDEF07 /* PlaylistsView.swift in Sources */ = {isa = PBXBuildFile; fileRef = 1A2B3C4D5E6F7890ABCDEF08 /* PlaylistsView.swift */; };
		1A2B3C4D5E6F7890ABCDEF09 /* LikedSongsView.swift in Sources */ = {isa = PBXBuildFile; fileRef = 1A2B3C4D5E6F7890ABCDEF0A /* LikedSongsView.swift */; };
		1A2B3C4D5E6F7890ABCDEF0B /* NowPlayingView.swift in Sources */ = {isa = PBXBuildFile; fileRef = 1A2B3C4D5E6F7890ABCDEF0C /* NowPlayingView.swift */; };
		1A2B3C4D5E6F7890ABCDEF0D /* MiniPlayerView.swift in Sources */ = {isa = PBXBuildFile; fileRef = 1A2B3C4D5E6F7890ABCDEF0E /* MiniPlayerView.swift */; };
		1A2B3C4D5E6F7890ABCDEF0F /* SongRowView.swift in Sources */ = {isa = PBXBuildFile; fileRef = 1A2B3C4D5E6F7890ABCDEF10 /* SongRowView.swift */; };
		1A2B3C4D5E6F7890ABCDEF11 /* PlaylistDetailView.swift in Sources */ = {isa = PBXBuildFile; fileRef = 1A2B3C4D5E6F7890ABCDEF12 /* PlaylistDetailView.swift */; };
		1A2B3C4D5E6F7890ABCDEF13 /* PlaylistPickerView.swift in Sources */ = {isa = PBXBuildFile; fileRef = 1A2B3C4D5E6F7890ABCDEF14 /* PlaylistPickerView.swift */; };
		1A2B3C4D5E6F7890ABCDEF15 /* Song.swift in Sources */ = {isa = PBXBuildFile; fileRef = 1A2B3C4D5E6F7890ABCDEF16 /* Song.swift */; };
		1A2B3C4D5E6F7890ABCDEF17 /* AudioManager.swift in Sources */ = {isa = PBXBuildFile; fileRef = 1A2B3C4D5E6F7890ABCDEF18 /* AudioManager.swift */; };
		1A2B3C4D5E6F7890ABCDEF19 /* DataManager.swift in Sources */ = {isa = PBXBuildFile; fileRef = 1A2B3C4D5E6F7890ABCDEF1A /* DataManager.swift */; };
		1A2B3C4D5E6F7890ABCDEF1B /* Assets.xcassets in Resources */ = {isa = PBXBuildFile; fileRef = 1A2B3C4D5E6F7890ABCDEF1C /* Assets.xcassets */; };
		1A2B3C4D5E6F7890ABCDEF1D /* EntregaTotal.mp3 in Resources */ = {isa = PBXBuildFile; fileRef = 1A2B3C4D5E6F7890ABCDEF1E /* EntregaTotal.mp3 */; };
		1A2B3C4D5E6F7890ABCDEF1F /* CaifanesMiedo.mp3 in Resources */ = {isa = PBXBuildFile; fileRef = 1A2B3C4D5E6F7890ABCDEF20 /* CaifanesMiedo.mp3 */; };
		1A2B3C4D5E6F7890ABCDEF21 /* UnHombreNormal.mp3 in Resources */ = {isa = PBXBuildFile; fileRef = 1A2B3C4D5E6F7890ABCDEF22 /* UnHombreNormal.mp3 */; };
		1A2B3C4D5E6F7890ABCDEF23 /* VicenteFernandezGema.mp3 in Resources */ = {isa = PBXBuildFile; fileRef = 1A2B3C4D5E6F7890ABCDEF24 /* VicenteFernandezGema.mp3 */; };
/* End PBXBuildFile section */

/* Begin PBXFileReference section */
		1A2B3C4D5E6F7890ABCDEF25 /* MusicaPalHector.app */ = {isa = PBXFileReference; explicitFileType = wrapper.application; includeInIndex = 0; path = MusicaPalHector.app; sourceTree = BUILT_PRODUCTS_DIR; };
		1A2B3C4D5E6F7890ABCDEF02 /* MusicaPalHectorApp.swift */ = {isa = PBXFileReference; lastKnownFileType = sourcecode.swift; path = MusicaPalHectorApp.swift; sourceTree = "<group>"; };
		1A2B3C4D5E6F7890ABCDEF04 /* ContentView.swift */ = {isa = PBXFileReference; lastKnownFileType = sourcecode.swift; path = ContentView.swift; sourceTree = "<group>"; };
		1A2B3C4D5E6F7890ABCDEF06 /* AllSongsView.swift */ = {isa = PBXFileReference; lastKnownFileType = sourcecode.swift; path = AllSongsView.swift; sourceTree = "<group>"; };
		1A2B3C4D5E6F7890ABCDEF08 /* PlaylistsView.swift */ = {isa = PBXFileReference; lastKnownFileType = sourcecode.swift; path = PlaylistsView.swift; sourceTree = "<group>"; };
		1A2B3C4D5E6F7890ABCDEF0A /* LikedSongsView.swift */ = {isa = PBXFileReference; lastKnownFileType = sourcecode.swift; path = LikedSongsView.swift; sourceTree = "<group>"; };
		1A2B3C4D5E6F7890ABCDEF0C /* NowPlayingView.swift */ = {isa = PBXFileReference; lastKnownFileType = sourcecode.swift; path = NowPlayingView.swift; sourceTree = "<group>"; };
		1A2B3C4D5E6F7890ABCDEF0E /* MiniPlayerView.swift */ = {isa = PBXFileReference; lastKnownFileType = sourcecode.swift; path = MiniPlayerView.swift; sourceTree = "<group>"; };
		1A2B3C4D5E6F7890ABCDEF10 /* SongRowView.swift */ = {isa = PBXFileReference; lastKnownFileType = sourcecode.swift; path = SongRowView.swift; sourceTree = "<group>"; };
		1A2B3C4D5E6F7890ABCDEF12 /* PlaylistDetailView.swift */ = {isa = PBXFileReference; lastKnownFileType = sourcecode.swift; path = PlaylistDetailView.swift; sourceTree = "<group>"; };
		1A2B3C4D5E6F7890ABCDEF14 /* PlaylistPickerView.swift */ = {isa = PBXFileReference; lastKnownFileType = sourcecode.swift; path = PlaylistPickerView.swift; sourceTree = "<group>"; };
		1A2B3C4D5E6F7890ABCDEF16 /* Song.swift */ = {isa = PBXFileReference; lastKnownFileType = sourcecode.swift; path = Song.swift; sourceTree = "<group>"; };
		1A2B3C4D5E6F7890ABCDEF18 /* AudioManager.swift */ = {isa = PBXFileReference; lastKnownFileType = sourcecode.swift; path = AudioManager.swift; sourceTree = "<group>"; };
		1A2B3C4D5E6F7890ABCDEF1A /* DataManager.swift */ = {isa = PBXFileReference; lastKnownFileType = sourcecode.swift; path = DataManager.swift; sourceTree = "<group>"; };
		1A2B3C4D5E6F7890ABCDEF1C /* Assets.xcassets */ = {isa = PBXFileReference; lastKnownFileType = folder.assetcatalog; path = Assets.xcassets; sourceTree = "<group>"; };
		1A2B3C4D5E6F7890ABCDEF1E /* EntregaTotal.mp3 */ = {isa = PBXFileReference; lastKnownFileType = audio.mp3; path = EntregaTotal.mp3; sourceTree = "<group>"; };
		1A2B3C4D5E6F7890ABCDEF20 /* CaifanesMiedo.mp3 */ = {isa = PBXFileReference; lastKnownFileType = audio.mp3; path = CaifanesMiedo.mp3; sourceTree = "<group>"; };
		1A2B3C4D5E6F7890ABCDEF22 /* UnHombreNormal.mp3 */ = {isa = PBXFileReference; lastKnownFileType = audio.mp3; path = UnHombreNormal.mp3; sourceTree = "<group>"; };
		1A2B3C4D5E6F7890ABCDEF24 /* VicenteFernandezGema.mp3 */ = {isa = PBXFileReference; lastKnownFileType = audio.mp3; path = VicenteFernandezGema.mp3; sourceTree = "<group>"; };
/* End PBXFileReference section */

/* Begin PBXFrameworksBuildPhase section */
		1A2B3C4D5E6F7890ABCDEF26 /* Frameworks */ = {
			isa = PBXFrameworksBuildPhase;
			buildActionMask = 2147483647;
			files = (
			);
			runOnlyForDeploymentPostprocessing = 0;
		};
/* End PBXFrameworksBuildPhase section */

/* Begin PBXGroup section */
		1A2B3C4D5E6F7890ABCDEF27 = {
			isa = PBXGroup;
			children = (
				1A2B3C4D5E6F7890ABCDEF28 /* MusicaPalHector */,
				1A2B3C4D5E6F7890ABCDEF29 /* Products */,
			);
			sourceTree = "<group>";
		};
		1A2B3C4D5E6F7890ABCDEF29 /* Products */ = {
			isa = PBXGroup;
			children = (
				1A2B3C4D5E6F7890ABCDEF25 /* MusicaPalHector.app */,
			);
			name = Products;
			sourceTree = "<group>";
		};
		1A2B3C4D5E6F7890ABCDEF28 /* MusicaPalHector */ = {
			isa = PBXGroup;
			children = (
				1A2B3C4D5E6F7890ABCDEF02 /* MusicaPalHectorApp.swift */,
				1A2B3C4D5E6F7890ABCDEF30 /* Views */,
				1A2B3C4D5E6F7890ABCDEF31 /* Models */,
				1A2B3C4D5E6F7890ABCDEF32 /* Services */,
				1A2B3C4D5E6F7890ABCDEF33 /* Resources */,
				1A2B3C4D5E6F7890ABCDEF1C /* Assets.xcassets */,
			);
			path = MusicaPalHector;
			sourceTree = "<group>";
		};
		1A2B3C4D5E6F7890ABCDEF30 /* Views */ = {
			isa = PBXGroup;
			children = (
				1A2B3C4D5E6F7890ABCDEF04 /* ContentView.swift */,
				1A2B3C4D5E6F7890ABCDEF06 /* AllSongsView.swift */,
				1A2B3C4D5E6F7890ABCDEF08 /* PlaylistsView.swift */,
				1A2B3C4D5E6F7890ABCDEF0A /* LikedSongsView.swift */,
				1A2B3C4D5E6F7890ABCDEF0C /* NowPlayingView.swift */,
				1A2B3C4D5E6F7890ABCDEF0E /* MiniPlayerView.swift */,
				1A2B3C4D5E6F7890ABCDEF10 /* SongRowView.swift */,
				1A2B3C4D5E6F7890ABCDEF12 /* PlaylistDetailView.swift */,
				1A2B3C4D5E6F7890ABCDEF14 /* PlaylistPickerView.swift */,
			);
			path = Views;
			sourceTree = "<group>";
		};
		1A2B3C4D5E6F7890ABCDEF31 /* Models */ = {
			isa = PBXGroup;
			children = (
				1A2B3C4D5E6F7890ABCDEF16 /* Song.swift */,
			);
			path = Models;
			sourceTree = "<group>";
		};
		1A2B3C4D5E6F7890ABCDEF32 /* Services */ = {
			isa = PBXGroup;
			children = (
				1A2B3C4D5E6F7890ABCDEF18 /* AudioManager.swift */,
				1A2B3C4D5E6F7890ABCDEF1A /* DataManager.swift */,
			);
			path = Services;
			sourceTree = "<group>";
		};
		1A2B3C4D5E6F7890ABCDEF33 /* Resources */ = {
			isa = PBXGroup;
			children = (
				1A2B3C4D5E6F7890ABCDEF34 /* Songs */,
			);
			path = Resources;
			sourceTree = "<group>";
		};
		1A2B3C4D5E6F7890ABCDEF34 /* Songs */ = {
			isa = PBXGroup;
			children = (
				1A2B3C4D5E6F7890ABCDEF1E /* EntregaTotal.mp3 */,
				1A2B3C4D5E6F7890ABCDEF20 /* CaifanesMiedo.mp3 */,
				1A2B3C4D5E6F7890ABCDEF22 /* UnHombreNormal.mp3 */,
				1A2B3C4D5E6F7890ABCDEF24 /* VicenteFernandezGema.mp3 */,
			);
			path = Songs;
			sourceTree = "<group>";
		};
/* End PBXGroup section */

/* Begin PBXNativeTarget section */
		1A2B3C4D5E6F7890ABCDEF35 /* MusicaPalHector */ = {
			isa = PBXNativeTarget;
			buildConfigurationList = 1A2B3C4D5E6F7890ABCDEF36 /* Build configuration list for PBXNativeTarget "MusicaPalHector" */;
			buildPhases = (
				1A2B3C4D5E6F7890ABCDEF37 /* Sources */,
				1A2B3C4D5E6F7890ABCDEF26 /* Frameworks */,
				1A2B3C4D5E6F7890ABCDEF38 /* Resources */,
			);
			buildRules = (
			);
			dependencies = (
			);
			name = MusicaPalHector;
			productName = MusicaPalHector;
			productReference = 1A2B3C4D5E6F7890ABCDEF25 /* MusicaPalHector.app */;
			productType = "com.apple.product-type.application";
		};
/* End PBXNativeTarget section */

/* Begin PBXProject section */
		1A2B3C4D5E6F7890ABCDEF39 /* Project object */ = {
			isa = PBXProject;
			attributes = {
				BuildIndependentTargetsInParallel = 1;
				LastSwiftUpdateCheck = 1500;
				LastUpgradeCheck = 1500;
				TargetAttributes = {
					1A2B3C4D5E6F7890ABCDEF35 = {
						CreatedOnToolsVersion = 15.0;
					};
				};
			};
			buildConfigurationList = 1A2B3C4D5E6F7890ABCDEF40 /* Build configuration list for PBXProject "MusicaPalHector" */;
			compatibilityVersion = "Xcode 14.0";
			developmentRegion = en;
			hasScannedForEncodings = 0;
			knownRegions = (
				en,
				Base,
			);
			mainGroup = 1A2B3C4D5E6F7890ABCDEF27;
			productRefGroup = 1A2B3C4D5E6F7890ABCDEF29 /* Products */;
			projectDirPath = "";
			projectRoot = "";
			targets = (
				1A2B3C4D5E6F7890ABCDEF35 /* MusicaPalHector */,
			);
		};
/* End PBXProject section */

/* Begin PBXResourcesBuildPhase section */
		1A2B3C4D5E6F7890ABCDEF38 /* Resources */ = {
			isa = PBXResourcesBuildPhase;
			buildActionMask = 2147483647;
			files = (
				1A2B3C4D5E6F7890ABCDEF1B /* Assets.xcassets in Resources */,
				1A2B3C4D5E6F7890ABCDEF1D /* EntregaTotal.mp3 in Resources */,
				1A2B3C4D5E6F7890ABCDEF1F /* CaifanesMiedo.mp3 in Resources */,
				1A2B3C4D5E6F7890ABCDEF21 /* UnHombreNormal.mp3 in Resources */,
				1A2B3C4D5E6F7890ABCDEF23 /* VicenteFernandezGema.mp3 in Resources */,
			);
			runOnlyForDeploymentPostprocessing = 0;
		};
/* End PBXResourcesBuildPhase section */

/* Begin PBXSourcesBuildPhase section */
		1A2B3C4D5E6F7890ABCDEF37 /* Sources */ = {
			isa = PBXSourcesBuildPhase;
			buildActionMask = 2147483647;
			files = (
				1A2B3C4D5E6F7890ABCDEF01 /* MusicaPalHectorApp.swift in Sources */,
				1A2B3C4D5E6F7890ABCDEF03 /* ContentView.swift in Sources */,
				1A2B3C4D5E6F7890ABCDEF05 /* AllSongsView.swift in Sources */,
				1A2B3C4D5E6F7890ABCDEF07 /* PlaylistsView.swift in Sources */,
				1A2B3C4D5E6F7890ABCDEF09 /* LikedSongsView.swift in Sources */,
				1A2B3C4D5E6F7890ABCDEF0B /* NowPlayingView.swift in Sources */,
				1A2B3C4D5E6F7890ABCDEF0D /* MiniPlayerView.swift in Sources */,
				1A2B3C4D5E6F7890ABCDEF0F /* SongRowView.swift in Sources */,
				1A2B3C4D5E6F7890ABCDEF11 /* PlaylistDetailView.swift in Sources */,
				1A2B3C4D5E6F7890ABCDEF13 /* PlaylistPickerView.swift in Sources */,
				1A2B3C4D5E6F7890ABCDEF15 /* Song.swift in Sources */,
				1A2B3C4D5E6F7890ABCDEF17 /* AudioManager.swift in Sources */,
				1A2B3C4D5E6F7890ABCDEF19 /* DataManager.swift in Sources */,
			);
			runOnlyForDeploymentPostprocessing = 0;
		};
/* End PBXSourcesBuildPhase section */

/* Begin XCBuildConfiguration section */
		1A2B3C4D5E6F7890ABCDEF41 /* Debug */ = {
			isa = XCBuildConfiguration;
			buildSettings = {
				ALWAYS_SEARCH_USER_PATHS = NO;
				ASSETCATALOG_COMPILER_GENERATE_SWIFT_ASSET_SYMBOL_EXTENSIONS = YES;
				CLANG_ANALYZER_NONNULL = YES;
				CLANG_ANALYZER_NUMBER_OBJECT_CONVERSION = YES_AGGRESSIVE;
				CLANG_CXX_LANGUAGE_STANDARD = "gnu++20";
				CLANG_ENABLE_MODULES = YES;
				CLANG_ENABLE_OBJC_ARC = YES;
				CLANG_ENABLE_OBJC_WEAK = YES;
				CLANG_WARN_BLOCK_CAPTURE_AUTORELEASING = YES;
				CLANG_WARN_BOOL_CONVERSION = YES;
				CLANG_WARN_COMMA = YES;
				CLANG_WARN_CONSTANT_CONVERSION = YES;
				CLANG_WARN_DEPRECATED_OBJC_IMPLEMENTATIONS = YES;
				CLANG_WARN_DIRECT_OBJC_ISA_USAGE = YES_ERROR;
				CLANG_WARN_DOCUMENTATION_COMMENTS = YES;
				CLANG_WARN_EMPTY_BODY = YES;
				CLANG_WARN_ENUM_CONVERSION = YES;
				CLANG_WARN_INFINITE_RECURSION = YES;
				CLANG_WARN_INT_CONVERSION = YES;
				CLANG_WARN_NON_LITERAL_NULL_CONVERSION = YES;
				CLANG_WARN_OBJC_IMPLICIT_RETAIN_SELF = YES;
				CLANG_WARN_OBJC_LITERAL_CONVERSION = YES;
				CLANG_WARN_OBJC_ROOT_CLASS = YES_ERROR;
				CLANG_WARN_QUOTED_INCLUDE_IN_FRAMEWORK_HEADER = YES;
				CLANG_WARN_RANGE_LOOP_ANALYSIS = YES;
				CLANG_WARN_STRICT_PROTOTYPES = YES;
				CLANG_WARN_SUSPICIOUS_MOVE = YES;
				CLANG_WARN_UNGUARDED_AVAILABILITY = YES_AGGRESSIVE;
				CLANG_WARN_UNREACHABLE_CODE = YES;
				CLANG_WARN__DUPLICATE_METHOD_MATCH = YES;
				COPY_PHASE_STRIP = NO;
				DEBUG_INFORMATION_FORMAT = dwarf;
				ENABLE_STRICT_OBJC_MSGSEND = YES;
				ENABLE_TESTABILITY = YES;
				ENABLE_USER_SCRIPT_SANDBOXING = YES;
				GCC_C_LANGUAGE_STANDARD = gnu17;
				GCC_DYNAMIC_NO_PIC = NO;
				GCC_NO_COMMON_BLOCKS = YES;
				GCC_OPTIMIZATION_LEVEL = 0;
				GCC_PREPROCESSOR_DEFINITIONS = (
					"DEBUG=1",
					"$(inherited)",
				);
				GCC_WARN_64_TO_32_BIT_CONVERSION = YES;
				GCC_WARN_ABOUT_RETURN_TYPE = YES_ERROR;
				GCC_WARN_UNDECLARED_SELECTOR = YES;
				GCC_WARN_UNINITIALIZED_AUTOS = YES_AGGRESSIVE;
				GCC_WARN_UNUSED_FUNCTION = YES;
				GCC_WARN_UNUSED_VARIABLE = YES;
				IPHONEOS_DEPLOYMENT_TARGET = 17.0;
				LOCALIZATION_PREFERS_STRING_CATALOGS = YES;
				MTL_ENABLE_DEBUG_INFO = INCLUDE_SOURCE;
				MTL_FAST_MATH = YES;
				ONLY_ACTIVE_ARCH = YES;
				SDKROOT = iphoneos;
				SWIFT_ACTIVE_COMPILATION_CONDITIONS = "DEBUG $(inherited)";
				SWIFT_OPTIMIZATION_LEVEL = "-Onone";
			};
			name = Debug;
		};
		1A2B3C4D5E6F7890ABCDEF42 /* Release */ = {
			isa = XCBuildConfiguration;
			buildSettings = {
				ALWAYS_SEARCH_USER_PATHS = NO;
				ASSETCATALOG_COMPILER_GENERATE_SWIFT_ASSET_SYMBOL_EXTENSIONS = YES;
				CLANG_ANALYZER_NONNULL = YES;
				CLANG_ANALYZER_NUMBER_OBJECT_CONVERSION = YES_AGGRESSIVE;
				CLANG_CXX_LANGUAGE_STANDARD = "gnu++20";
				CLANG_ENABLE_MODULES = YES;
				CLANG_ENABLE_OBJC_ARC = YES;
				CLANG_ENABLE_OBJC_WEAK = YES;
				CLANG_WARN_BLOCK_CAPTURE_AUTORELEASING = YES;
				CLANG_WARN_BOOL_CONVERSION = YES;
				CLANG_WARN_COMMA = YES;
				CLANG_WARN_CONSTANT_CONVERSION = YES;
				CLANG_WARN_DEPRECATED_OBJC_IMPLEMENTATIONS = YES;
				CLANG_WARN_DIRECT_OBJC_ISA_USAGE = YES_ERROR;
				CLANG_WARN_DOCUMENTATION_COMMENTS = YES;
				CLANG_WARN_EMPTY_BODY = YES;
				CLANG_WARN_ENUM_CONVERSION = YES;
				CLANG_WARN_INFINITE_RECURSION = YES;
				CLANG_WARN_INT_CONVERSION = YES;
				CLANG_WARN_NON_LITERAL_NULL_CONVERSION = YES;
				CLANG_WARN_OBJC_IMPLICIT_RETAIN_SELF = YES;
				CLANG_WARN_OBJC_LITERAL_CONVERSION = YES;
				CLANG_WARN_OBJC_ROOT_CLASS = YES_ERROR;
				CLANG_WARN_QUOTED_INCLUDE_IN_FRAMEWORK_HEADER = YES;
				CLANG_WARN_RANGE_LOOP_ANALYSIS = YES;
				CLANG_WARN_STRICT_PROTOTYPES = YES;
				CLANG_WARN_SUSPICIOUS_MOVE = YES;
				CLANG_WARN_UNGUARDED_AVAILABILITY = YES_AGGRESSIVE;
				CLANG_WARN_UNREACHABLE_CODE = YES;
				CLANG_WARN__DUPLICATE_METHOD_MATCH = YES;
				COPY_PHASE_STRIP = NO;
				DEBUG_INFORMATION_FORMAT = "dwarf-with-dsym";
				ENABLE_NS_ASSERTIONS = NO;
				ENABLE_STRICT_OBJC_MSGSEND = YES;
				ENABLE_USER_SCRIPT_SANDBOXING = YES;
				GCC_C_LANGUAGE_STANDARD = gnu17;
				GCC_NO_COMMON_BLOCKS = YES;
				GCC_WARN_64_TO_32_BIT_CONVERSION = YES;
				GCC_WARN_ABOUT_RETURN_TYPE = YES_ERROR;
				GCC_WARN_UNDECLARED_SELECTOR = YES;
				GCC_WARN_UNINITIALIZED_AUTOS = YES_AGGRESSIVE;
				GCC_WARN_UNUSED_FUNCTION = YES;
				GCC_WARN_UNUSED_VARIABLE = YES;
				IPHONEOS_DEPLOYMENT_TARGET = 17.0;
				LOCALIZATION_PREFERS_STRING_CATALOGS = YES;
				MTL_ENABLE_DEBUG_INFO = NO;
				MTL_FAST_MATH = YES;
				SDKROOT = iphoneos;
				SWIFT_COMPILATION_MODE = wholemodule;
				VALIDATE_PRODUCT = YES;
			};
			name = Release;
		};
		1A2B3C4D5E6F7890ABCDEF43 /* Debug */ = {
			isa = XCBuildConfiguration;
			buildSettings = {
				ASSETCATALOG_COMPILER_APPICON_NAME = AppIcon;
				ASSETCATALOG_COMPILER_GLOBAL_ACCENT_COLOR_NAME = AccentColor;
				CODE_SIGN_STYLE = Automatic;
				CURRENT_PROJECT_VERSION = 1;
				DEVELOPMENT_ASSET_PATHS = "";
				ENABLE_PREVIEWS = YES;
				GENERATE_INFOPLIST_FILE = YES;
				INFOPLIST_KEY_UIApplicationSceneManifest_Generation = YES;
				INFOPLIST_KEY_UIApplicationSupportsIndirectInputEvents = YES;
				INFOPLIST_KEY_UILaunchScreen_Generation = YES;
				INFOPLIST_KEY_UISupportedInterfaceOrientations_iPad = "UIInterfaceOrientationPortrait UIInterfaceOrientationPortraitUpsideDown UIInterfaceOrientationLandscapeLeft UIInterfaceOrientationLandscapeRight";
				INFOPLIST_KEY_UISupportedInterfaceOrientations_iPhone = "UIInterfaceOrientationPortrait UIInterfaceOrientationLandscapeLeft UIInterfaceOrientationLandscapeRight";
				LD_RUNPATH_SEARCH_PATHS = (
					"$(inherited)",
					"@executable_path/Frameworks",
				);
				MARKETING_VERSION = 1.0;
				PRODUCT_BUNDLE_IDENTIFIER = com.hector.MusicaPalHector;
				PRODUCT_NAME = "$(TARGET_NAME)";
				SWIFT_EMIT_LOC_STRINGS = YES;
				SWIFT_VERSION = 5.0;
				TARGETED_DEVICE_FAMILY = "1,2";
			};
			name = Debug;
		};
		1A2B3C4D5E6F7890ABCDEF44 /* Release */ = {
			isa = XCBuildConfiguration;
			buildSettings = {
				ASSETCATALOG_COMPILER_APPICON_NAME = AppIcon;
				ASSETCATALOG_COMPILER_GLOBAL_ACCENT_COLOR_NAME = AccentColor;
				CODE_SIGN_STYLE = Automatic;
				CURRENT_PROJECT_VERSION = 1;
				DEVELOPMENT_ASSET_PATHS = "";
				ENABLE_PREVIEWS = YES;
				GENERATE_INFOPLIST_FILE = YES;
				INFOPLIST_KEY_UIApplicationSceneManifest_Generation = YES;
				INFOPLIST_KEY_UIApplicationSupportsIndirectInputEvents = YES;
				INFOPLIST_KEY_UILaunchScreen_Generation = YES;
				INFOPLIST_KEY_UISupportedInterfaceOrientations_iPad = "UIInterfaceOrientationPortrait UIInterfaceOrientationPortraitUpsideDown UIInterfaceOrientationLandscapeLeft UIInterfaceOrientationLandscapeRight";
				INFOPLIST_KEY_UISupportedInterfaceOrientations_iPhone = "UIInterfaceOrientationPortrait UIInterfaceOrientationLandscapeLeft UIInterfaceOrientationLandscapeRight";
				LD_RUNPATH_SEARCH_PATHS = (
					"$(inherited)",
					"@executable_path/Frameworks",
				);
				MARKETING_VERSION = 1.0;
				PRODUCT_BUNDLE_IDENTIFIER = com.hector.MusicaPalHector;
				PRODUCT_NAME = "$(TARGET_NAME)";
				SWIFT_EMIT_LOC_STRINGS = YES;
				SWIFT_VERSION = 5.0;
				TARGETED_DEVICE_FAMILY = "1,2";
			};
			name = Release;
		};
/* End XCBuildConfiguration section */

/* Begin XCConfigurationList section */
		1A2B3C4D5E6F7890ABCDEF40 /* Build configuration list for PBXProject "MusicaPalHector" */ = {
			isa = XCConfigurationList;
			buildConfigurations = (
				1A2B3C4D5E6F7890ABCDEF41 /* Debug */,
				1A2B3C4D5E6F7890ABCDEF42 /* Release */,
			);
			defaultConfigurationIsVisible = 0;
			defaultConfigurationName = Release;
		};
		1A2B3C4D5E6F7890ABCDEF36 /* Build configuration list for PBXNativeTarget "MusicaPalHector" */ = {
			isa = XCConfigurationList;
			buildConfigurations = (
				1A2B3C4D5E6F7890ABCDEF43 /* Debug */,
				1A2B3C4D5E6F7890ABCDEF44 /* Release */,
			);
			defaultConfigurationIsVisible = 0;
			defaultConfigurationName = Release;
		};
/* End XCConfigurationList section */
	};
	rootObject = 1A2B3C4D5E6F7890ABCDEF39 /* Project object */;
}